
Microsoft Visual Studio Solution File, Format Version 12.00
# Visual Studio Version 16
VisualStudioVersion = 16.0.31613.86
MinimumVisualStudioVersion = 10.0.40219.1
Project("{FAE04EC0-301F-11D3-BF4B-00C04F79EFBC}") = "HotelLib_v1.0", "HotelLib_v1.0\HotelLib_v1.0.csproj", "{D5472D4D-AECE-4F36-BA49-3B16B1F9AD61}"
EndProject
Global
	GlobalSection(SolutionConfigurationPlatforms) = preSolution
		Debug|Any CPU = Debug|Any CPU
		Release|Any CPU = Release|Any CPU
	EndGlobalSection
	GlobalSection(ProjectConfigurationPlatforms) = postSolution
		{D5472D4D-AECE-4F36-BA49-3B16B1F9AD61}.Debug|Any CPU.ActiveCfg = Debug|Any CPU
		{D5472D4D-AECE-4F36-BA49-3B16B1F9AD61}.Debug|Any CPU.Build.0 = Debug|Any CPU
		{D5472D4D-AECE-4F36-BA49-3B16B1F9AD61}.Release|Any CPU.ActiveCfg = Release|Any CPU
		{D5472D4D-AECE-4F36-BA49-3B16B1F9AD61}.Release|Any CPU.Build.0 = Release|Any CPU
	EndGlobalSection
	GlobalSection(SolutionProperties) = preSolution
		HideSolutionNode = FALSE
	EndGlobalSection
	GlobalSection(ExtensibilityGlobals) = postSolution
		SolutionGuid = {C98A80A5-574E-4AF6-91AF-4B9792287E2B}
	EndGlobalSection
EndGlobal
