
Microsoft Visual Studio Solution File, Format Version 12.00
# Visual Studio Version 16
VisualStudioVersion = 16.0.31613.86
MinimumVisualStudioVersion = 10.0.40219.1
Project("{9A19103F-16F7-4668-BE54-9A1E7A4F7556}") = "Hotel-v2", "Hotel-v2\Hotel-v2.csproj", "{2AFF278D-5B54-4D29-9AD7-A0B86C4B0AAE}"
EndProject
Project("{9A19103F-16F7-4668-BE54-9A1E7A4F7556}") = "HotelLib_v1.0", "..\HotelLib_v1.0\HotelLib_v1.0\HotelLib_v1.0.csproj", "{B543B7EB-7253-4FEB-83C4-7F34FE0425B0}"
EndProject
Global
	GlobalSection(SolutionConfigurationPlatforms) = preSolution
		Debug|Any CPU = Debug|Any CPU
		Release|Any CPU = Release|Any CPU
	EndGlobalSection
	GlobalSection(ProjectConfigurationPlatforms) = postSolution
		{2AFF278D-5B54-4D29-9AD7-A0B86C4B0AAE}.Debug|Any CPU.ActiveCfg = Debug|Any CPU
		{2AFF278D-5B54-4D29-9AD7-A0B86C4B0AAE}.Debug|Any CPU.Build.0 = Debug|Any CPU
		{2AFF278D-5B54-4D29-9AD7-A0B86C4B0AAE}.Release|Any CPU.ActiveCfg = Release|Any CPU
		{2AFF278D-5B54-4D29-9AD7-A0B86C4B0AAE}.Release|Any CPU.Build.0 = Release|Any CPU
		{B543B7EB-7253-4FEB-83C4-7F34FE0425B0}.Debug|Any CPU.ActiveCfg = Debug|Any CPU
		{B543B7EB-7253-4FEB-83C4-7F34FE0425B0}.Debug|Any CPU.Build.0 = Debug|Any CPU
		{B543B7EB-7253-4FEB-83C4-7F34FE0425B0}.Release|Any CPU.ActiveCfg = Release|Any CPU
		{B543B7EB-7253-4FEB-83C4-7F34FE0425B0}.Release|Any CPU.Build.0 = Release|Any CPU
	EndGlobalSection
	GlobalSection(SolutionProperties) = preSolution
		HideSolutionNode = FALSE
	EndGlobalSection
	GlobalSection(ExtensibilityGlobals) = postSolution
		SolutionGuid = {71828512-EE7F-4342-887A-29BCB566D5B1}
	EndGlobalSection
EndGlobal
